dependencies:
  espressif/esp_tinyusb:
    component_hash: 5014eb7e3d2043d13d553e1dc60bf3aa31eb03449868fac775097eed6e66ba57
    source:
      service_url: https://api.components.espressif.com/
      type: service
    version: 1.1.0
  espressif/tinyusb:
    component_hash: 6e128177d3fe5027750a75e1ff64c655a7b53fa64eff8c1a4a8a5a4daa7924d1
    source:
      service_url: https://api.components.espressif.com/
      type: service
    version: 0.15.0~7
  idf:
    component_hash: null
    source:
      type: idf
    version: 5.0.1
manifest_hash: bb64d6f9353767e14cf5e178438e6ab6ab50a502985580b77b93bc12794e2904
target: esp32s3
version: 1.0.0
